
Microsoft Visual Studio Solution File, Format Version 12.00
# Visual Studio Version 17
VisualStudioVersion = 17.5.33516.290
MinimumVisualStudioVersion = 10.0.40219.1
Project("{888888A0-9F3D-457C-B088-3A5042F75D52}") = "KHowland_RandomNameByCharacterGenerator", "KHowland_RandomNameByCharacterGenerator\KHowland_RandomNameByCharacterGenerator.pyproj", "{89C70193-71DE-4F10-B894-B855B8D8A4BA}"
EndProject
Global
	GlobalSection(SolutionConfigurationPlatforms) = preSolution
		Debug|Any CPU = Debug|Any CPU
		Release|Any CPU = Release|Any CPU
	EndGlobalSection
	GlobalSection(ProjectConfigurationPlatforms) = postSolution
		{89C70193-71DE-4F10-B894-B855B8D8A4BA}.Debug|Any CPU.ActiveCfg = Debug|Any CPU
		{89C70193-71DE-4F10-B894-B855B8D8A4BA}.Release|Any CPU.ActiveCfg = Release|Any CPU
	EndGlobalSection
	GlobalSection(SolutionProperties) = preSolution
		HideSolutionNode = FALSE
	EndGlobalSection
	GlobalSection(ExtensibilityGlobals) = postSolution
		SolutionGuid = {96741201-D12D-43B4-8869-CD4D81BA6D85}
	EndGlobalSection
EndGlobal
