
Microsoft Visual Studio Solution File, Format Version 12.00
# Visual Studio Version 17
VisualStudioVersion = 17.5.33516.290
MinimumVisualStudioVersion = 10.0.40219.1
Project("{888888A0-9F3D-457C-B088-3A5042F75D52}") = "KHowland-PIGgame", "KHowland-PIGgame\KHowland-PIGgame.pyproj", "{098B0CBB-241F-4E0F-B64F-2796814EFD7A}"
EndProject
Global
	GlobalSection(SolutionConfigurationPlatforms) = preSolution
		Debug|Any CPU = Debug|Any CPU
		Release|Any CPU = Release|Any CPU
	EndGlobalSection
	GlobalSection(ProjectConfigurationPlatforms) = postSolution
		{098B0CBB-241F-4E0F-B64F-2796814EFD7A}.Debug|Any CPU.ActiveCfg = Debug|Any CPU
		{098B0CBB-241F-4E0F-B64F-2796814EFD7A}.Release|Any CPU.ActiveCfg = Release|Any CPU
	EndGlobalSection
	GlobalSection(SolutionProperties) = preSolution
		HideSolutionNode = FALSE
	EndGlobalSection
	GlobalSection(ExtensibilityGlobals) = postSolution
		SolutionGuid = {D3901FFC-8CD4-4BA7-BC89-5F83EACDD00F}
	EndGlobalSection
EndGlobal
