
Microsoft Visual Studio Solution File, Format Version 12.00
# Visual Studio Version 17
VisualStudioVersion = 17.5.33516.290
MinimumVisualStudioVersion = 10.0.40219.1
Project("{888888A0-9F3D-457C-B088-3A5042F75D52}") = "KHowland_RandomNumberGenerator", "KHowland_RandomNumberGenerator\KHowland_RandomNumberGenerator.pyproj", "{68361F2A-475B-4C43-98CD-EE7402E107D0}"
EndProject
Global
	GlobalSection(SolutionConfigurationPlatforms) = preSolution
		Debug|Any CPU = Debug|Any CPU
		Release|Any CPU = Release|Any CPU
	EndGlobalSection
	GlobalSection(ProjectConfigurationPlatforms) = postSolution
		{68361F2A-475B-4C43-98CD-EE7402E107D0}.Debug|Any CPU.ActiveCfg = Debug|Any CPU
		{68361F2A-475B-4C43-98CD-EE7402E107D0}.Release|Any CPU.ActiveCfg = Release|Any CPU
	EndGlobalSection
	GlobalSection(SolutionProperties) = preSolution
		HideSolutionNode = FALSE
	EndGlobalSection
	GlobalSection(ExtensibilityGlobals) = postSolution
		SolutionGuid = {B950319C-EB60-40F2-865C-5E39530E37C7}
	EndGlobalSection
EndGlobal
